
Microsoft Visual Studio Solution File, Format Version 12.00
# Visual Studio 15
VisualStudioVersion = 15.0.28010.2050
MinimumVisualStudioVersion = 10.0.40219.1
Project("{FAE04EC0-301F-11D3-BF4B-00C04F79EFBC}") = "InterfacesAndAbstraction", "InterfacesAndAbstraction\InterfacesAndAbstraction.csproj", "{93EE484A-FF81-46AD-A5DF-A843E29CEA5A}"
EndProject
Global
	GlobalSection(SolutionConfigurationPlatforms) = preSolution
		Debug|Any CPU = Debug|Any CPU
		Release|Any CPU = Release|Any CPU
	EndGlobalSection
	GlobalSection(ProjectConfigurationPlatforms) = postSolution
		{93EE484A-FF81-46AD-A5DF-A843E29CEA5A}.Debug|Any CPU.ActiveCfg = Debug|Any CPU
		{93EE484A-FF81-46AD-A5DF-A843E29CEA5A}.Debug|Any CPU.Build.0 = Debug|Any CPU
		{93EE484A-FF81-46AD-A5DF-A843E29CEA5A}.Release|Any CPU.ActiveCfg = Release|Any CPU
		{93EE484A-FF81-46AD-A5DF-A843E29CEA5A}.Release|Any CPU.Build.0 = Release|Any CPU
	EndGlobalSection
	GlobalSection(SolutionProperties) = preSolution
		HideSolutionNode = FALSE
	EndGlobalSection
	GlobalSection(ExtensibilityGlobals) = postSolution
		SolutionGuid = {0723CE65-3B62-434A-896E-D522BDBA9DFA}
	EndGlobalSection
EndGlobal
