
Microsoft Visual Studio Solution File, Format Version 12.00
# Visual Studio 15
VisualStudioVersion = 15.0.28010.2050
MinimumVisualStudioVersion = 10.0.40219.1
Project("{FAE04EC0-301F-11D3-BF4B-00C04F79EFBC}") = "Person", "Person\Person.csproj", "{7DAA78C8-E5B2-48E3-8D73-640C818E00D7}"
EndProject
Project("{FAE04EC0-301F-11D3-BF4B-00C04F79EFBC}") = "BookShop", "BookShop\BookShop.csproj", "{32D0F067-87D5-432B-ACDD-0CBD1AA86292}"
EndProject
Project("{FAE04EC0-301F-11D3-BF4B-00C04F79EFBC}") = "Mankind", "Mankind\Mankind.csproj", "{A73FDD3E-D308-4BC2-87E3-6E16E665B520}"
EndProject
Project("{FAE04EC0-301F-11D3-BF4B-00C04F79EFBC}") = "Animals", "Animals\Animals.csproj", "{DCB33A3B-74D4-42A8-9BEB-835CF112303B}"
EndProject
Global
	GlobalSection(SolutionConfigurationPlatforms) = preSolution
		Debug|Any CPU = Debug|Any CPU
		Release|Any CPU = Release|Any CPU
	EndGlobalSection
	GlobalSection(ProjectConfigurationPlatforms) = postSolution
		{7DAA78C8-E5B2-48E3-8D73-640C818E00D7}.Debug|Any CPU.ActiveCfg = Debug|Any CPU
		{7DAA78C8-E5B2-48E3-8D73-640C818E00D7}.Debug|Any CPU.Build.0 = Debug|Any CPU
		{7DAA78C8-E5B2-48E3-8D73-640C818E00D7}.Release|Any CPU.ActiveCfg = Release|Any CPU
		{7DAA78C8-E5B2-48E3-8D73-640C818E00D7}.Release|Any CPU.Build.0 = Release|Any CPU
		{32D0F067-87D5-432B-ACDD-0CBD1AA86292}.Debug|Any CPU.ActiveCfg = Debug|Any CPU
		{32D0F067-87D5-432B-ACDD-0CBD1AA86292}.Debug|Any CPU.Build.0 = Debug|Any CPU
		{32D0F067-87D5-432B-ACDD-0CBD1AA86292}.Release|Any CPU.ActiveCfg = Release|Any CPU
		{32D0F067-87D5-432B-ACDD-0CBD1AA86292}.Release|Any CPU.Build.0 = Release|Any CPU
		{A73FDD3E-D308-4BC2-87E3-6E16E665B520}.Debug|Any CPU.ActiveCfg = Debug|Any CPU
		{A73FDD3E-D308-4BC2-87E3-6E16E665B520}.Debug|Any CPU.Build.0 = Debug|Any CPU
		{A73FDD3E-D308-4BC2-87E3-6E16E665B520}.Release|Any CPU.ActiveCfg = Release|Any CPU
		{A73FDD3E-D308-4BC2-87E3-6E16E665B520}.Release|Any CPU.Build.0 = Release|Any CPU
		{DCB33A3B-74D4-42A8-9BEB-835CF112303B}.Debug|Any CPU.ActiveCfg = Debug|Any CPU
		{DCB33A3B-74D4-42A8-9BEB-835CF112303B}.Debug|Any CPU.Build.0 = Debug|Any CPU
		{DCB33A3B-74D4-42A8-9BEB-835CF112303B}.Release|Any CPU.ActiveCfg = Release|Any CPU
		{DCB33A3B-74D4-42A8-9BEB-835CF112303B}.Release|Any CPU.Build.0 = Release|Any CPU
	EndGlobalSection
	GlobalSection(SolutionProperties) = preSolution
		HideSolutionNode = FALSE
	EndGlobalSection
	GlobalSection(ExtensibilityGlobals) = postSolution
		SolutionGuid = {9516490B-9510-42EC-BC6A-8DA88941458F}
	EndGlobalSection
EndGlobal
