
Microsoft Visual Studio Solution File, Format Version 12.00
# Visual Studio 15
VisualStudioVersion = 15.0.28010.2050
MinimumVisualStudioVersion = 10.0.40219.1
Project("{9A19103F-16F7-4668-BE54-9A1E7A4F7556}") = "DefiningClasses", "DefiningClasses\DefiningClasses.csproj", "{16101360-CA01-47FD-A1A9-E5AAA713097E}"
EndProject
Project("{9A19103F-16F7-4668-BE54-9A1E7A4F7556}") = "CompanyRoaster", "CompanyRoaster\CompanyRoaster.csproj", "{AC3EC806-9EFE-4A16-8168-B1DA13E72551}"
EndProject
Project("{9A19103F-16F7-4668-BE54-9A1E7A4F7556}") = "SpeedRacing", "SpeedRacing\SpeedRacing.csproj", "{6DCD421C-1C49-496A-A525-F0C122FF0542}"
EndProject
Project("{9A19103F-16F7-4668-BE54-9A1E7A4F7556}") = "RawData", "RawData\RawData.csproj", "{45CD48FD-544B-483F-91D7-65C0D0BDDA75}"
EndProject
Project("{FAE04EC0-301F-11D3-BF4B-00C04F79EFBC}") = "RectangleIntersection", "RectangleIntersection\RectangleIntersection.csproj", "{A293D3E6-1F88-4F4B-8040-F5C57940DA18}"
EndProject
Global
	GlobalSection(SolutionConfigurationPlatforms) = preSolution
		Debug|Any CPU = Debug|Any CPU
		Release|Any CPU = Release|Any CPU
	EndGlobalSection
	GlobalSection(ProjectConfigurationPlatforms) = postSolution
		{16101360-CA01-47FD-A1A9-E5AAA713097E}.Debug|Any CPU.ActiveCfg = Debug|Any CPU
		{16101360-CA01-47FD-A1A9-E5AAA713097E}.Debug|Any CPU.Build.0 = Debug|Any CPU
		{16101360-CA01-47FD-A1A9-E5AAA713097E}.Release|Any CPU.ActiveCfg = Release|Any CPU
		{16101360-CA01-47FD-A1A9-E5AAA713097E}.Release|Any CPU.Build.0 = Release|Any CPU
		{AC3EC806-9EFE-4A16-8168-B1DA13E72551}.Debug|Any CPU.ActiveCfg = Debug|Any CPU
		{AC3EC806-9EFE-4A16-8168-B1DA13E72551}.Debug|Any CPU.Build.0 = Debug|Any CPU
		{AC3EC806-9EFE-4A16-8168-B1DA13E72551}.Release|Any CPU.ActiveCfg = Release|Any CPU
		{AC3EC806-9EFE-4A16-8168-B1DA13E72551}.Release|Any CPU.Build.0 = Release|Any CPU
		{6DCD421C-1C49-496A-A525-F0C122FF0542}.Debug|Any CPU.ActiveCfg = Debug|Any CPU
		{6DCD421C-1C49-496A-A525-F0C122FF0542}.Debug|Any CPU.Build.0 = Debug|Any CPU
		{6DCD421C-1C49-496A-A525-F0C122FF0542}.Release|Any CPU.ActiveCfg = Release|Any CPU
		{6DCD421C-1C49-496A-A525-F0C122FF0542}.Release|Any CPU.Build.0 = Release|Any CPU
		{45CD48FD-544B-483F-91D7-65C0D0BDDA75}.Debug|Any CPU.ActiveCfg = Debug|Any CPU
		{45CD48FD-544B-483F-91D7-65C0D0BDDA75}.Debug|Any CPU.Build.0 = Debug|Any CPU
		{45CD48FD-544B-483F-91D7-65C0D0BDDA75}.Release|Any CPU.ActiveCfg = Release|Any CPU
		{45CD48FD-544B-483F-91D7-65C0D0BDDA75}.Release|Any CPU.Build.0 = Release|Any CPU
		{A293D3E6-1F88-4F4B-8040-F5C57940DA18}.Debug|Any CPU.ActiveCfg = Debug|Any CPU
		{A293D3E6-1F88-4F4B-8040-F5C57940DA18}.Debug|Any CPU.Build.0 = Debug|Any CPU
		{A293D3E6-1F88-4F4B-8040-F5C57940DA18}.Release|Any CPU.ActiveCfg = Release|Any CPU
		{A293D3E6-1F88-4F4B-8040-F5C57940DA18}.Release|Any CPU.Build.0 = Release|Any CPU
	EndGlobalSection
	GlobalSection(SolutionProperties) = preSolution
		HideSolutionNode = FALSE
	EndGlobalSection
	GlobalSection(ExtensibilityGlobals) = postSolution
		SolutionGuid = {0B4A601C-2DDA-4E06-81DF-ED9F3CDF7406}
	EndGlobalSection
EndGlobal
